
Microsoft Visual Studio Solution File, Format Version 12.00
# Visual Studio Version 17
VisualStudioVersion = 17.1.32228.430
MinimumVisualStudioVersion = 10.0.40219.1
Project("{FAE04EC0-301F-11D3-BF4B-00C04F79EFBC}") = "FormasGeometricas", "FormasGeometricas\FormasGeometricas.csproj", "{A48B420B-48EA-4B38-8A93-D74187CAF32D}"
EndProject
Global
	GlobalSection(SolutionConfigurationPlatforms) = preSolution
		Debug|Any CPU = Debug|Any CPU
		Release|Any CPU = Release|Any CPU
	EndGlobalSection
	GlobalSection(ProjectConfigurationPlatforms) = postSolution
		{A48B420B-48EA-4B38-8A93-D74187CAF32D}.Debug|Any CPU.ActiveCfg = Debug|Any CPU
		{A48B420B-48EA-4B38-8A93-D74187CAF32D}.Debug|Any CPU.Build.0 = Debug|Any CPU
		{A48B420B-48EA-4B38-8A93-D74187CAF32D}.Release|Any CPU.ActiveCfg = Release|Any CPU
		{A48B420B-48EA-4B38-8A93-D74187CAF32D}.Release|Any CPU.Build.0 = Release|Any CPU
	EndGlobalSection
	GlobalSection(SolutionProperties) = preSolution
		HideSolutionNode = FALSE
	EndGlobalSection
	GlobalSection(ExtensibilityGlobals) = postSolution
		SolutionGuid = {8D11CC1E-E94C-42D1-8B2D-BD36892A4E26}
	EndGlobalSection
EndGlobal
